
Microsoft Visual Studio Solution File, Format Version 12.00
# Visual Studio Version 16
VisualStudioVersion = 16.0.31424.327
MinimumVisualStudioVersion = 10.0.40219.1
Project("{FAE04EC0-301F-11D3-BF4B-00C04F79EFBC}") = "Client", "Client\Client.csproj", "{9A431044-18C4-45A1-A99D-F5D7FBD88FBD}"
EndProject
Global
	GlobalSection(SolutionConfigurationPlatforms) = preSolution
		Debug|Any CPU = Debug|Any CPU
		Release|Any CPU = Release|Any CPU
	EndGlobalSection
	GlobalSection(ProjectConfigurationPlatforms) = postSolution
		{9A431044-18C4-45A1-A99D-F5D7FBD88FBD}.Debug|Any CPU.ActiveCfg = Debug|Any CPU
		{9A431044-18C4-45A1-A99D-F5D7FBD88FBD}.Debug|Any CPU.Build.0 = Debug|Any CPU
		{9A431044-18C4-45A1-A99D-F5D7FBD88FBD}.Release|Any CPU.ActiveCfg = Release|Any CPU
		{9A431044-18C4-45A1-A99D-F5D7FBD88FBD}.Release|Any CPU.Build.0 = Release|Any CPU
	EndGlobalSection
	GlobalSection(SolutionProperties) = preSolution
		HideSolutionNode = FALSE
	EndGlobalSection
	GlobalSection(ExtensibilityGlobals) = postSolution
		SolutionGuid = {3D087D59-550D-4AF9-BBB3-1A141AB3C6BE}
	EndGlobalSection
EndGlobal
