
Microsoft Visual Studio Solution File, Format Version 12.00
# Visual Studio Version 16
VisualStudioVersion = 16.0.31424.327
MinimumVisualStudioVersion = 10.0.40219.1
Project("{FAE04EC0-301F-11D3-BF4B-00C04F79EFBC}") = "Aplicatia1", "Aplicatia1\Aplicatia1.csproj", "{A3284EEE-B969-4494-9D54-E7334B6781E7}"
EndProject
Global
	GlobalSection(SolutionConfigurationPlatforms) = preSolution
		Debug|Any CPU = Debug|Any CPU
		Release|Any CPU = Release|Any CPU
	EndGlobalSection
	GlobalSection(ProjectConfigurationPlatforms) = postSolution
		{A3284EEE-B969-4494-9D54-E7334B6781E7}.Debug|Any CPU.ActiveCfg = Debug|Any CPU
		{A3284EEE-B969-4494-9D54-E7334B6781E7}.Debug|Any CPU.Build.0 = Debug|Any CPU
		{A3284EEE-B969-4494-9D54-E7334B6781E7}.Release|Any CPU.ActiveCfg = Release|Any CPU
		{A3284EEE-B969-4494-9D54-E7334B6781E7}.Release|Any CPU.Build.0 = Release|Any CPU
	EndGlobalSection
	GlobalSection(SolutionProperties) = preSolution
		HideSolutionNode = FALSE
	EndGlobalSection
	GlobalSection(ExtensibilityGlobals) = postSolution
		SolutionGuid = {CFA3D7A0-8821-44FC-A9C0-2A39753AD230}
	EndGlobalSection
EndGlobal
